
Microsoft Visual Studio Solution File, Format Version 12.00
# Visual Studio Version 16
VisualStudioVersion = 16.0.30320.27
MinimumVisualStudioVersion = 10.0.40219.1
Project("{FAE04EC0-301F-11D3-BF4B-00C04F79EFBC}") = "Critter", "Critter.csproj", "{ECFF8997-7710-4990-96B9-550038591BBB}"
EndProject
Global
	GlobalSection(SolutionConfigurationPlatforms) = preSolution
		Debug|Any CPU = Debug|Any CPU
		Release|Any CPU = Release|Any CPU
	EndGlobalSection
	GlobalSection(ProjectConfigurationPlatforms) = postSolution
		{ECFF8997-7710-4990-96B9-550038591BBB}.Debug|Any CPU.ActiveCfg = Debug|Any CPU
		{ECFF8997-7710-4990-96B9-550038591BBB}.Debug|Any CPU.Build.0 = Debug|Any CPU
		{ECFF8997-7710-4990-96B9-550038591BBB}.Release|Any CPU.ActiveCfg = Release|Any CPU
		{ECFF8997-7710-4990-96B9-550038591BBB}.Release|Any CPU.Build.0 = Release|Any CPU
	EndGlobalSection
	GlobalSection(SolutionProperties) = preSolution
		HideSolutionNode = FALSE
	EndGlobalSection
	GlobalSection(ExtensibilityGlobals) = postSolution
		SolutionGuid = {51C276E8-A00B-404C-AA35-3D67C0FC49D1}
	EndGlobalSection
EndGlobal
